// !$*UTF8*$!
{
	archiveVersion = 1;
	classes = {
	};
	objectVersion = 56;
	objects = {

/* Begin PBXBuildFile section */
		3752C18529DD3DF200801AF5 /* ProductCell.swift in Sources */ = {isa = PBXBuildFile; fileRef = 3752C18329DD3DF200801AF5 /* ProductCell.swift */; };
		3752C18629DD3DF200801AF5 /* ProductCell.xib in Resources */ = {isa = PBXBuildFile; fileRef = 3752C18429DD3DF200801AF5 /* ProductCell.xib */; };
		3752C18929DD3F9000801AF5 /* Alamofire in Frameworks */ = {isa = PBXBuildFile; productRef = 3752C18829DD3F9000801AF5 /* Alamofire */; };
		37931A4729D45863003EDB4C /* AppDelegate.swift in Sources */ = {isa = PBXBuildFile; fileRef = 37931A4629D45863003EDB4C /* AppDelegate.swift */; };
		37931A4929D45863003EDB4C /* SceneDelegate.swift in Sources */ = {isa = PBXBuildFile; fileRef = 37931A4829D45863003EDB4C /* SceneDelegate.swift */; };
		37931A4B29D45863003EDB4C /* ProductsViewController.swift in Sources */ = {isa = PBXBuildFile; fileRef = 37931A4A29D45863003EDB4C /* ProductsViewController.swift */; };
		37931A4E29D45863003EDB4C /* Main.storyboard in Resources */ = {isa = PBXBuildFile; fileRef = 37931A4C29D45863003EDB4C /* Main.storyboard */; };
		37931A5029D45865003EDB4C /* Assets.xcassets in Resources */ = {isa = PBXBuildFile; fileRef = 37931A4F29D45865003EDB4C /* Assets.xcassets */; };
		37931A5329D45865003EDB4C /* LaunchScreen.storyboard in Resources */ = {isa = PBXBuildFile; fileRef = 37931A5129D45865003EDB4C /* LaunchScreen.storyboard */; };
		37DFDC2429DD3C2D003DAA71 /* ProfileViewController.swift in Sources */ = {isa = PBXBuildFile; fileRef = 37DFDC2329DD3C2D003DAA71 /* ProfileViewController.swift */; };
		37DFDC2629DD3C33003DAA71 /* CartViewController.swift in Sources */ = {isa = PBXBuildFile; fileRef = 37DFDC2529DD3C33003DAA71 /* CartViewController.swift */; };
		37DFDC2829DD3C44003DAA71 /* SearchViewController.swift in Sources */ = {isa = PBXBuildFile; fileRef = 37DFDC2729DD3C44003DAA71 /* SearchViewController.swift */; };
/* End PBXBuildFile section */

/* Begin PBXFileReference section */
		3752C18329DD3DF200801AF5 /* ProductCell.swift */ = {isa = PBXFileReference; lastKnownFileType = sourcecode.swift; path = ProductCell.swift; sourceTree = "<group>"; };
		3752C18429DD3DF200801AF5 /* ProductCell.xib */ = {isa = PBXFileReference; lastKnownFileType = file.xib; path = ProductCell.xib; sourceTree = "<group>"; };
		37931A4329D45863003EDB4C /* project.app */ = {isa = PBXFileReference; explicitFileType = wrapper.application; includeInIndex = 0; path = project.app; sourceTree = BUILT_PRODUCTS_DIR; };
		37931A4629D45863003EDB4C /* AppDelegate.swift */ = {isa = PBXFileReference; lastKnownFileType = sourcecode.swift; path = AppDelegate.swift; sourceTree = "<group>"; };
		37931A4829D45863003EDB4C /* SceneDelegate.swift */ = {isa = PBXFileReference; lastKnownFileType = sourcecode.swift; path = SceneDelegate.swift; sourceTree = "<group>"; };
		37931A4A29D45863003EDB4C /* ProductsViewController.swift */ = {isa = PBXFileReference; lastKnownFileType = sourcecode.swift; path = ProductsViewController.swift; sourceTree = "<group>"; };
		37931A4D29D45863003EDB4C /* Base */ = {isa = PBXFileReference; lastKnownFileType = file.storyboard; name = Base; path = Base.lproj/Main.storyboard; sourceTree = "<group>"; };
		37931A4F29D45865003EDB4C /* Assets.xcassets */ = {isa = PBXFileReference; lastKnownFileType = folder.assetcatalog; path = Assets.xcassets; sourceTree = "<group>"; };
		37931A5229D45865003EDB4C /* Base */ = {isa = PBXFileReference; lastKnownFileType = file.storyboard; name = Base; path = Base.lproj/LaunchScreen.storyboard; sourceTree = "<group>"; };
		37931A5429D45865003EDB4C /* Info.plist */ = {isa = PBXFileReference; lastKnownFileType = text.plist.xml; path = Info.plist; sourceTree = "<group>"; };
		37DFDC2329DD3C2D003DAA71 /* ProfileViewController.swift */ = {isa = PBXFileReference; lastKnownFileType = sourcecode.swift; path = ProfileViewController.swift; sourceTree = "<group>"; };
		37DFDC2529DD3C33003DAA71 /* CartViewController.swift */ = {isa = PBXFileReference; lastKnownFileType = sourcecode.swift; path = CartViewController.swift; sourceTree = "<group>"; };
		37DFDC2729DD3C44003DAA71 /* SearchViewController.swift */ = {isa = PBXFileReference; lastKnownFileType = sourcecode.swift; path = SearchViewController.swift; sourceTree = "<group>"; };
/* End PBXFileReference section */

/* Begin PBXFrameworksBuildPhase section */
		37931A4029D45863003EDB4C /* Frameworks */ = {
			isa = PBXFrameworksBuildPhase;
			buildActionMask = 2147483647;
			files = (
				3752C18929DD3F9000801AF5 /* Alamofire in Frameworks */,
			);
			runOnlyForDeploymentPostprocessing = 0;
		};
/* End PBXFrameworksBuildPhase section */

/* Begin PBXGroup section */
		37931A3A29D45863003EDB4C = {
			isa = PBXGroup;
			children = (
				37931A4529D45863003EDB4C /* project */,
				37931A4429D45863003EDB4C /* Products */,
			);
			sourceTree = "<group>";
		};
		37931A4429D45863003EDB4C /* Products */ = {
			isa = PBXGroup;
			children = (
				37931A4329D45863003EDB4C /* project.app */,
			);
			name = Products;
			sourceTree = "<group>";
		};
		37931A4529D45863003EDB4C /* project */ = {
			isa = PBXGroup;
			children = (
				37DFDC2929DD3CAB003DAA71 /* cells */,
				37DFDC2229DD3C16003DAA71 /* controllers */,
				37931A4629D45863003EDB4C /* AppDelegate.swift */,
				37931A4829D45863003EDB4C /* SceneDelegate.swift */,
				37931A4C29D45863003EDB4C /* Main.storyboard */,
				37931A4F29D45865003EDB4C /* Assets.xcassets */,
				37931A5129D45865003EDB4C /* LaunchScreen.storyboard */,
				37931A5429D45865003EDB4C /* Info.plist */,
			);
			path = project;
			sourceTree = "<group>";
		};
		37DFDC2229DD3C16003DAA71 /* controllers */ = {
			isa = PBXGroup;
			children = (
				37931A4A29D45863003EDB4C /* ProductsViewController.swift */,
				37DFDC2329DD3C2D003DAA71 /* ProfileViewController.swift */,
				37DFDC2529DD3C33003DAA71 /* CartViewController.swift */,
				37DFDC2729DD3C44003DAA71 /* SearchViewController.swift */,
			);
			path = controllers;
			sourceTree = "<group>";
		};
		37DFDC2929DD3CAB003DAA71 /* cells */ = {
			isa = PBXGroup;
			children = (
				3752C18329DD3DF200801AF5 /* ProductCell.swift */,
				3752C18429DD3DF200801AF5 /* ProductCell.xib */,
			);
			path = cells;
			sourceTree = "<group>";
		};
/* End PBXGroup section */

/* Begin PBXNativeTarget section */
		37931A4229D45863003EDB4C /* project */ = {
			isa = PBXNativeTarget;
			buildConfigurationList = 37931A5729D45865003EDB4C /* Build configuration list for PBXNativeTarget "project" */;
			buildPhases = (
				37931A3F29D45863003EDB4C /* Sources */,
				37931A4029D45863003EDB4C /* Frameworks */,
				37931A4129D45863003EDB4C /* Resources */,
			);
			buildRules = (
			);
			dependencies = (
			);
			name = project;
			packageProductDependencies = (
				3752C18829DD3F9000801AF5 /* Alamofire */,
			);
			productName = project;
			productReference = 37931A4329D45863003EDB4C /* project.app */;
			productType = "com.apple.product-type.application";
		};
/* End PBXNativeTarget section */

/* Begin PBXProject section */
		37931A3B29D45863003EDB4C /* Project object */ = {
			isa = PBXProject;
			attributes = {
				BuildIndependentTargetsInParallel = 1;
				LastSwiftUpdateCheck = 1420;
				LastUpgradeCheck = 1420;
				TargetAttributes = {
					37931A4229D45863003EDB4C = {
						CreatedOnToolsVersion = 14.2;
					};
				};
			};
			buildConfigurationList = 37931A3E29D45863003EDB4C /* Build configuration list for PBXProject "project" */;
			compatibilityVersion = "Xcode 14.0";
			developmentRegion = en;
			hasScannedForEncodings = 0;
			knownRegions = (
				en,
				Base,
			);
			mainGroup = 37931A3A29D45863003EDB4C;
			packageReferences = (
				3752C18729DD3F9000801AF5 /* XCRemoteSwiftPackageReference "Alamofire" */,
			);
			productRefGroup = 37931A4429D45863003EDB4C /* Products */;
			projectDirPath = "";
			projectRoot = "";
			targets = (
				37931A4229D45863003EDB4C /* project */,
			);
		};
/* End PBXProject section */

/* Begin PBXResourcesBuildPhase section */
		37931A4129D45863003EDB4C /* Resources */ = {
			isa = PBXResourcesBuildPhase;
			buildActionMask = 2147483647;
			files = (
				37931A5329D45865003EDB4C /* LaunchScreen.storyboard in Resources */,
				3752C18629DD3DF200801AF5 /* ProductCell.xib in Resources */,
				37931A5029D45865003EDB4C /* Assets.xcassets in Resources */,
				37931A4E29D45863003EDB4C /* Main.storyboard in Resources */,
			);
			runOnlyForDeploymentPostprocessing = 0;
		};
/* End PBXResourcesBuildPhase section */

/* Begin PBXSourcesBuildPhase section */
		37931A3F29D45863003EDB4C /* Sources */ = {
			isa = PBXSourcesBuildPhase;
			buildActionMask = 2147483647;
			files = (
				37DFDC2829DD3C44003DAA71 /* SearchViewController.swift in Sources */,
				37931A4B29D45863003EDB4C /* ProductsViewController.swift in Sources */,
				37931A4729D45863003EDB4C /* AppDelegate.swift in Sources */,
				37DFDC2629DD3C33003DAA71 /* CartViewController.swift in Sources */,
				37DFDC2429DD3C2D003DAA71 /* ProfileViewController.swift in Sources */,
				3752C18529DD3DF200801AF5 /* ProductCell.swift in Sources */,
				37931A4929D45863003EDB4C /* SceneDelegate.swift in Sources */,
			);
			runOnlyForDeploymentPostprocessing = 0;
		};
/* End PBXSourcesBuildPhase section */

/* Begin PBXVariantGroup section */
		37931A4C29D45863003EDB4C /* Main.storyboard */ = {
			isa = PBXVariantGroup;
			children = (
				37931A4D29D45863003EDB4C /* Base */,
			);
			name = Main.storyboard;
			sourceTree = "<group>";
		};
		37931A5129D45865003EDB4C /* LaunchScreen.storyboard */ = {
			isa = PBXVariantGroup;
			children = (
				37931A5229D45865003EDB4C /* Base */,
			);
			name = LaunchScreen.storyboard;
			sourceTree = "<group>";
		};
/* End PBXVariantGroup section */

/* Begin XCBuildConfiguration section */
		37931A5529D45865003EDB4C /* Debug */ = {
			isa = XCBuildConfiguration;
			buildSettings = {
				ALWAYS_SEARCH_USER_PATHS = NO;
				CLANG_ANALYZER_NONNULL = YES;
				CLANG_ANALYZER_NUMBER_OBJECT_CONVERSION = YES_AGGRESSIVE;
				CLANG_CXX_LANGUAGE_STANDARD = "gnu++20";
				CLANG_ENABLE_MODULES = YES;
				CLANG_ENABLE_OBJC_ARC = YES;
				CLANG_ENABLE_OBJC_WEAK = YES;
				CLANG_WARN_BLOCK_CAPTURE_AUTORELEASING = YES;
				CLANG_WARN_BOOL_CONVERSION = YES;
				CLANG_WARN_COMMA = YES;
				CLANG_WARN_CONSTANT_CONVERSION = YES;
				CLANG_WARN_DEPRECATED_OBJC_IMPLEMENTATIONS = YES;
				CLANG_WARN_DIRECT_OBJC_ISA_USAGE = YES_ERROR;
				CLANG_WARN_DOCUMENTATION_COMMENTS = YES;
				CLANG_WARN_EMPTY_BODY = YES;
				CLANG_WARN_ENUM_CONVERSION = YES;
				CLANG_WARN_INFINITE_RECURSION = YES;
				CLANG_WARN_INT_CONVERSION = YES;
				CLANG_WARN_NON_LITERAL_NULL_CONVERSION = YES;
				CLANG_WARN_OBJC_IMPLICIT_RETAIN_SELF = YES;
				CLANG_WARN_OBJC_LITERAL_CONVERSION = YES;
				CLANG_WARN_OBJC_ROOT_CLASS = YES_ERROR;
				CLANG_WARN_QUOTED_INCLUDE_IN_FRAMEWORK_HEADER = YES;
				CLANG_WARN_RANGE_LOOP_ANALYSIS = YES;
				CLANG_WARN_STRICT_PROTOTYPES = YES;
				CLANG_WARN_SUSPICIOUS_MOVE = YES;
				CLANG_WARN_UNGUARDED_AVAILABILITY = YES_AGGRESSIVE;
				CLANG_WARN_UNREACHABLE_CODE = YES;
				CLANG_WARN__DUPLICATE_METHOD_MATCH = YES;
				COPY_PHASE_STRIP = NO;
				DEBUG_INFORMATION_FORMAT = dwarf;
				ENABLE_STRICT_OBJC_MSGSEND = YES;
				ENABLE_TESTABILITY = YES;
				GCC_C_LANGUAGE_STANDARD = gnu11;
				GCC_DYNAMIC_NO_PIC = NO;
				GCC_NO_COMMON_BLOCKS = YES;
				GCC_OPTIMIZATION_LEVEL = 0;
				GCC_PREPROCESSOR_DEFINITIONS = (
					"DEBUG=1",
					"$(inherited)",
				);
				GCC_WARN_64_TO_32_BIT_CONVERSION = YES;
				GCC_WARN_ABOUT_RETURN_TYPE = YES_ERROR;
				GCC_WARN_UNDECLARED_SELECTOR = YES;
				GCC_WARN_UNINITIALIZED_AUTOS = YES_AGGRESSIVE;
				GCC_WARN_UNUSED_FUNCTION = YES;
				GCC_WARN_UNUSED_VARIABLE = YES;
				IPHONEOS_DEPLOYMENT_TARGET = 16.2;
				MTL_ENABLE_DEBUG_INFO = INCLUDE_SOURCE;
				MTL_FAST_MATH = YES;
				ONLY_ACTIVE_ARCH = YES;
				SDKROOT = iphoneos;
				SWIFT_ACTIVE_COMPILATION_CONDITIONS = DEBUG;
				SWIFT_OPTIMIZATION_LEVEL = "-Onone";
			};
			name = Debug;
		};
		37931A5629D45865003EDB4C /* Release */ = {
			isa = XCBuildConfiguration;
			buildSettings = {
				ALWAYS_SEARCH_USER_PATHS = NO;
				CLANG_ANALYZER_NONNULL = YES;
				CLANG_ANALYZER_NUMBER_OBJECT_CONVERSION = YES_AGGRESSIVE;
				CLANG_CXX_LANGUAGE_STANDARD = "gnu++20";
				CLANG_ENABLE_MODULES = YES;
				CLANG_ENABLE_OBJC_ARC = YES;
				CLANG_ENABLE_OBJC_WEAK = YES;
				CLANG_WARN_BLOCK_CAPTURE_AUTORELEASING = YES;
				CLANG_WARN_BOOL_CONVERSION = YES;
				CLANG_WARN_COMMA = YES;
				CLANG_WARN_CONSTANT_CONVERSION = YES;
				CLANG_WARN_DEPRECATED_OBJC_IMPLEMENTATIONS = YES;
				CLANG_WARN_DIRECT_OBJC_ISA_USAGE = YES_ERROR;
				CLANG_WARN_DOCUMENTATION_COMMENTS = YES;
				CLANG_WARN_EMPTY_BODY = YES;
				CLANG_WARN_ENUM_CONVERSION = YES;
				CLANG_WARN_INFINITE_RECURSION = YES;
				CLANG_WARN_INT_CONVERSION = YES;
				CLANG_WARN_NON_LITERAL_NULL_CONVERSION = YES;
				CLANG_WARN_OBJC_IMPLICIT_RETAIN_SELF = YES;
				CLANG_WARN_OBJC_LITERAL_CONVERSION = YES;
				CLANG_WARN_OBJC_ROOT_CLASS = YES_ERROR;
				CLANG_WARN_QUOTED_INCLUDE_IN_FRAMEWORK_HEADER = YES;
				CLANG_WARN_RANGE_LOOP_ANALYSIS = YES;
				CLANG_WARN_STRICT_PROTOTYPES = YES;
				CLANG_WARN_SUSPICIOUS_MOVE = YES;
				CLANG_WARN_UNGUARDED_AVAILABILITY = YES_AGGRESSIVE;
				CLANG_WARN_UNREACHABLE_CODE = YES;
				CLANG_WARN__DUPLICATE_METHOD_MATCH = YES;
				COPY_PHASE_STRIP = NO;
				DEBUG_INFORMATION_FORMAT = "dwarf-with-dsym";
				ENABLE_NS_ASSERTIONS = NO;
				ENABLE_STRICT_OBJC_MSGSEND = YES;
				GCC_C_LANGUAGE_STANDARD = gnu11;
				GCC_NO_COMMON_BLOCKS = YES;
				GCC_WARN_64_TO_32_BIT_CONVERSION = YES;
				GCC_WARN_ABOUT_RETURN_TYPE = YES_ERROR;
				GCC_WARN_UNDECLARED_SELECTOR = YES;
				GCC_WARN_UNINITIALIZED_AUTOS = YES_AGGRESSIVE;
				GCC_WARN_UNUSED_FUNCTION = YES;
				GCC_WARN_UNUSED_VARIABLE = YES;
				IPHONEOS_DEPLOYMENT_TARGET = 16.2;
				MTL_ENABLE_DEBUG_INFO = NO;
				MTL_FAST_MATH = YES;
				SDKROOT = iphoneos;
				SWIFT_COMPILATION_MODE = wholemodule;
				SWIFT_OPTIMIZATION_LEVEL = "-O";
				VALIDATE_PRODUCT = YES;
			};
			name = Release;
		};
		37931A5829D45865003EDB4C /* Debug */ = {
			isa = XCBuildConfiguration;
			buildSettings = {
				ASSETCATALOG_COMPILER_APPICON_NAME = AppIcon;
				ASSETCATALOG_COMPILER_GLOBAL_ACCENT_COLOR_NAME = AccentColor;
				CODE_SIGN_STYLE = Automatic;
				CURRENT_PROJECT_VERSION = 1;
				DEVELOPMENT_TEAM = UM6H87Z62Q;
				GENERATE_INFOPLIST_FILE = YES;
				INFOPLIST_FILE = project/Info.plist;
				INFOPLIST_KEY_UIApplicationSupportsIndirectInputEvents = YES;
				INFOPLIST_KEY_UILaunchStoryboardName = LaunchScreen;
				INFOPLIST_KEY_UIMainStoryboardFile = Main;
				INFOPLIST_KEY_UISupportedInterfaceOrientations_iPad = "UIInterfaceOrientationPortrait UIInterfaceOrientationPortraitUpsideDown UIInterfaceOrientationLandscapeLeft UIInterfaceOrientationLandscapeRight";
				INFOPLIST_KEY_UISupportedInterfaceOrientations_iPhone = "UIInterfaceOrientationPortrait UIInterfaceOrientationLandscapeLeft UIInterfaceOrientationLandscapeRight";
				LD_RUNPATH_SEARCH_PATHS = (
					"$(inherited)",
					"@executable_path/Frameworks",
				);
				MARKETING_VERSION = 1.0;
				PRODUCT_BUNDLE_IDENTIFIER = Daniyal4Real.project;
				PRODUCT_NAME = "$(TARGET_NAME)";
				SWIFT_EMIT_LOC_STRINGS = YES;
				SWIFT_VERSION = 5.0;
				TARGETED_DEVICE_FAMILY = "1,2";
			};
			name = Debug;
		};
		37931A5929D45865003EDB4C /* Release */ = {
			isa = XCBuildConfiguration;
			buildSettings = {
				ASSETCATALOG_COMPILER_APPICON_NAME = AppIcon;
				ASSETCATALOG_COMPILER_GLOBAL_ACCENT_COLOR_NAME = AccentColor;
				CODE_SIGN_STYLE = Automatic;
				CURRENT_PROJECT_VERSION = 1;
				DEVELOPMENT_TEAM = UM6H87Z62Q;
				GENERATE_INFOPLIST_FILE = YES;
				INFOPLIST_FILE = project/Info.plist;
				INFOPLIST_KEY_UIApplicationSupportsIndirectInputEvents = YES;
				INFOPLIST_KEY_UILaunchStoryboardName = LaunchScreen;
				INFOPLIST_KEY_UIMainStoryboardFile = Main;
				INFOPLIST_KEY_UISupportedInterfaceOrientations_iPad = "UIInterfaceOrientationPortrait UIInterfaceOrientationPortraitUpsideDown UIInterfaceOrientationLandscapeLeft UIInterfaceOrientationLandscapeRight";
				INFOPLIST_KEY_UISupportedInterfaceOrientations_iPhone = "UIInterfaceOrientationPortrait UIInterfaceOrientationLandscapeLeft UIInterfaceOrientationLandscapeRight";
				LD_RUNPATH_SEARCH_PATHS = (
					"$(inherited)",
					"@executable_path/Frameworks",
				);
				MARKETING_VERSION = 1.0;
				PRODUCT_BUNDLE_IDENTIFIER = Daniyal4Real.project;
				PRODUCT_NAME = "$(TARGET_NAME)";
				SWIFT_EMIT_LOC_STRINGS = YES;
				SWIFT_VERSION = 5.0;
				TARGETED_DEVICE_FAMILY = "1,2";
			};
			name = Release;
		};
/* End XCBuildConfiguration section */

/* Begin XCConfigurationList section */
		37931A3E29D45863003EDB4C /* Build configuration list for PBXProject "project" */ = {
			isa = XCConfigurationList;
			buildConfigurations = (
				37931A5529D45865003EDB4C /* Debug */,
				37931A5629D45865003EDB4C /* Release */,
			);
			defaultConfigurationIsVisible = 0;
			defaultConfigurationName = Release;
		};
		37931A5729D45865003EDB4C /* Build configuration list for PBXNativeTarget "project" */ = {
			isa = XCConfigurationList;
			buildConfigurations = (
				37931A5829D45865003EDB4C /* Debug */,
				37931A5929D45865003EDB4C /* Release */,
			);
			defaultConfigurationIsVisible = 0;
			defaultConfigurationName = Release;
		};
/* End XCConfigurationList section */

/* Begin XCRemoteSwiftPackageReference section */
		3752C18729DD3F9000801AF5 /* XCRemoteSwiftPackageReference "Alamofire" */ = {
			isa = XCRemoteSwiftPackageReference;
			repositoryURL = "https://github.com/Alamofire/Alamofire.git";
			requirement = {
				kind = upToNextMajorVersion;
				minimumVersion = 5.0.0;
			};
		};
/* End XCRemoteSwiftPackageReference section */

/* Begin XCSwiftPackageProductDependency section */
		3752C18829DD3F9000801AF5 /* Alamofire */ = {
			isa = XCSwiftPackageProductDependency;
			package = 3752C18729DD3F9000801AF5 /* XCRemoteSwiftPackageReference "Alamofire" */;
			productName = Alamofire;
		};
/* End XCSwiftPackageProductDependency section */
	};
	rootObject = 37931A3B29D45863003EDB4C /* Project object */;
}
